
Microsoft Visual Studio Solution File, Format Version 12.00
# Visual Studio Version 17
VisualStudioVersion = 17.7.34018.315
MinimumVisualStudioVersion = 10.0.40219.1
Project("{FAE04EC0-301F-11D3-BF4B-00C04F79EFBC}") = "uppgift1.2", "uppgift1.2\uppgift1.2.csproj", "{8524A7CA-FEA3-4DB4-B299-E007A7E3BB4A}"
EndProject
Global
	GlobalSection(SolutionConfigurationPlatforms) = preSolution
		Debug|Any CPU = Debug|Any CPU
		Release|Any CPU = Release|Any CPU
	EndGlobalSection
	GlobalSection(ProjectConfigurationPlatforms) = postSolution
		{8524A7CA-FEA3-4DB4-B299-E007A7E3BB4A}.Debug|Any CPU.ActiveCfg = Debug|Any CPU
		{8524A7CA-FEA3-4DB4-B299-E007A7E3BB4A}.Debug|Any CPU.Build.0 = Debug|Any CPU
		{8524A7CA-FEA3-4DB4-B299-E007A7E3BB4A}.Release|Any CPU.ActiveCfg = Release|Any CPU
		{8524A7CA-FEA3-4DB4-B299-E007A7E3BB4A}.Release|Any CPU.Build.0 = Release|Any CPU
	EndGlobalSection
	GlobalSection(SolutionProperties) = preSolution
		HideSolutionNode = FALSE
	EndGlobalSection
	GlobalSection(ExtensibilityGlobals) = postSolution
		SolutionGuid = {58A51443-B8D3-4BB5-A628-0A8CE42AFD94}
	EndGlobalSection
EndGlobal
